
Microsoft Visual Studio Solution File, Format Version 12.00
# Visual Studio Version 17
VisualStudioVersion = 17.4.33205.214
MinimumVisualStudioVersion = 10.0.40219.1
Project("{FAE04EC0-301F-11D3-BF4B-00C04F79EFBC}") = "tetrisServer", "tetrisServer.csproj", "{CA4242F4-21DD-4CCA-B4CC-97A623479676}"
EndProject
Global
	GlobalSection(SolutionConfigurationPlatforms) = preSolution
		Debug|Any CPU = Debug|Any CPU
		Release|Any CPU = Release|Any CPU
	EndGlobalSection
	GlobalSection(ProjectConfigurationPlatforms) = postSolution
		{CA4242F4-21DD-4CCA-B4CC-97A623479676}.Debug|Any CPU.ActiveCfg = Debug|Any CPU
		{CA4242F4-21DD-4CCA-B4CC-97A623479676}.Debug|Any CPU.Build.0 = Debug|Any CPU
		{CA4242F4-21DD-4CCA-B4CC-97A623479676}.Release|Any CPU.ActiveCfg = Release|Any CPU
		{CA4242F4-21DD-4CCA-B4CC-97A623479676}.Release|Any CPU.Build.0 = Release|Any CPU
	EndGlobalSection
	GlobalSection(SolutionProperties) = preSolution
		HideSolutionNode = FALSE
	EndGlobalSection
	GlobalSection(ExtensibilityGlobals) = postSolution
		SolutionGuid = {B15B4A37-7DDE-4BE4-8E11-6803FBA44FF2}
	EndGlobalSection
EndGlobal
